
Microsoft Visual Studio Solution File, Format Version 11.00
# Visual Studio 2010
Project("{FAE04EC0-301F-11D3-BF4B-00C04F79EFBC}") = "DABFMMonkey.Setup", "DABFMMonkey.Setup.csproj", "{AA7C2172-8D5F-4B7B-B1C8-DF310E003EAD}"
EndProject
Project("{2150E333-8FDC-42A3-9474-1A3956D46DE8}") = "Solution Items", "Solution Items", "{FD2075DF-A98E-48A0-B42E-8DC6F34DF43B}"
EndProject
Global
	GlobalSection(SolutionConfigurationPlatforms) = preSolution
		Debug|Any CPU = Debug|Any CPU
		Release|Any CPU = Release|Any CPU
	EndGlobalSection
	GlobalSection(ProjectConfigurationPlatforms) = postSolution
		{AA7C2172-8D5F-4B7B-B1C8-DF310E003EAD}.Debug|Any CPU.ActiveCfg = Release|Any CPU
		{AA7C2172-8D5F-4B7B-B1C8-DF310E003EAD}.Debug|Any CPU.Build.0 = Release|Any CPU
		{AA7C2172-8D5F-4B7B-B1C8-DF310E003EAD}.Release|Any CPU.ActiveCfg = Release|Any CPU
		{AA7C2172-8D5F-4B7B-B1C8-DF310E003EAD}.Release|Any CPU.Build.0 = Release|Any CPU
	EndGlobalSection
	GlobalSection(SolutionProperties) = preSolution
		HideSolutionNode = FALSE
	EndGlobalSection
EndGlobal
